<?xml version="1.0" encoding="utf-8"?>
<Project ToolsVersion="4.0" xmlns="http://schemas.microsoft.com/developer/msbuild/2003">
  <ItemGroup>
    <Filter Include="源文件">
      <UniqueIdentifier>{4FC737F1-C7A5-4376-A066-2A32D752A2FF}</UniqueIdentifier>
      <Extensions>cpp;c;cc;cxx;def;odl;idl;hpj;bat;asm;asmx</Extensions>
    </Filter>
    <Filter Include="头文件">
      <UniqueIdentifier>{93995380-89BD-4b04-88EB-625FBE52EBFB}</UniqueIdentifier>
      <Extensions>h;hh;hpp;hxx;hm;inl;inc;xsd</Extensions>
    </Filter>
    <Filter Include="资源文件">
      <UniqueIdentifier>{67DA6AB6-F800-4c08-8B7A-83BB121AAD01}</UniqueIdentifier>
      <Extensions>rc;ico;cur;bmp;dlg;rc2;rct;bin;rgs;gif;jpg;jpeg;jpe;resx;tiff;tif;png;wav;mfcribbon-ms</Extensions>
    </Filter>
    <Filter Include="Math">
      <UniqueIdentifier>{b6a83236-021b-4f96-938d-e13216a31869}</UniqueIdentifier>
    </Filter>
    <Filter Include="Utils">
      <UniqueIdentifier>{e234af8d-6faa-4f4a-be05-97998971e598}</UniqueIdentifier>
    </Filter>
    <Filter Include="Face">
      <UniqueIdentifier>{df4757db-3fec-4c49-aa40-7c3a3bc78887}</UniqueIdentifier>
    </Filter>
    <Filter Include="Graphic">
      <UniqueIdentifier>{802cc15f-017c-48f0-a52a-e3a183e299ee}</UniqueIdentifier>
    </Filter>
    <Filter Include="Key">
      <UniqueIdentifier>{d65b2009-fb33-44b4-b781-8218df2eb2c1}</UniqueIdentifier>
    </Filter>
    <Filter Include="Sight">
      <UniqueIdentifier>{85e277b5-dda8-407d-98a4-899d2cc8748a}</UniqueIdentifier>
    </Filter>
    <Filter Include="Geometric">
      <UniqueIdentifier>{76fc1de6-eeea-4ec0-a09d-f7e27684f2c9}</UniqueIdentifier>
    </Filter>
  </ItemGroup>
  <ItemGroup>
    <ClCompile Include="main.cpp">
      <Filter>源文件</Filter>
    </ClCompile>
    <ClCompile Include="Math\SelfMatrix4x4.cpp">
      <Filter>Math</Filter>
    </ClCompile>
    <ClCompile Include="Math\SelfVector2D.cpp">
      <Filter>Math</Filter>
    </ClCompile>
    <ClCompile Include="Math\SelfVector3D.cpp">
      <Filter>Math</Filter>
    </ClCompile>
    <ClCompile Include="Math\SelfVector4D.cpp">
      <Filter>Math</Filter>
    </ClCompile>
    <ClCompile Include="Utils\Utils.cpp">
      <Filter>Utils</Filter>
    </ClCompile>
    <ClCompile Include="Math\Color.cpp">
      <Filter>Math</Filter>
    </ClCompile>
    <ClCompile Include="Math\Plane.cpp">
      <Filter>Math</Filter>
    </ClCompile>
    <ClCompile Include="Face\Face.cpp">
      <Filter>Face</Filter>
    </ClCompile>
    <ClCompile Include="Utils\DataType.cpp">
      <Filter>Utils</Filter>
    </ClCompile>
    <ClCompile Include="Graphic\Graphic.cpp">
      <Filter>Graphic</Filter>
    </ClCompile>
    <ClCompile Include="Graphic\Sampler.cpp">
      <Filter>Graphic</Filter>
    </ClCompile>
    <ClCompile Include="Math\Quaternions.cpp">
      <Filter>Math</Filter>
    </ClCompile>
    <ClCompile Include="Graphic\BmpLoader.cpp">
      <Filter>Graphic</Filter>
    </ClCompile>
    <ClCompile Include="Graphic\Texture.cpp">
      <Filter>Graphic</Filter>
    </ClCompile>
    <ClCompile Include="Graphic\Frame.cpp">
      <Filter>Graphic</Filter>
    </ClCompile>
    <ClCompile Include="Graphic\Shader.cpp">
      <Filter>Graphic</Filter>
    </ClCompile>
    <ClCompile Include="Graphic\Shadow.cpp">
      <Filter>Graphic</Filter>
    </ClCompile>
    <ClCompile Include="Key\Key.cpp">
      <Filter>Key</Filter>
    </ClCompile>
    <ClCompile Include="Sight\Sight.cpp">
      <Filter>Sight</Filter>
    </ClCompile>
    <ClCompile Include="Geometric\Cube.cpp">
      <Filter>Geometric</Filter>
    </ClCompile>
    <ClCompile Include="Geometric\Square.cpp">
      <Filter>Geometric</Filter>
    </ClCompile>
    <ClCompile Include="Graphic\Object.cpp">
      <Filter>Graphic</Filter>
    </ClCompile>
  </ItemGroup>
  <ItemGroup>
    <ClInclude Include="Math\SelfMaths.h">
      <Filter>Math</Filter>
    </ClInclude>
    <ClInclude Include="Math\SelfMatrix4x4.h">
      <Filter>Math</Filter>
    </ClInclude>
    <ClInclude Include="Math\SelfVector2D.h">
      <Filter>Math</Filter>
    </ClInclude>
    <ClInclude Include="Math\SelfVector3D.h">
      <Filter>Math</Filter>
    </ClInclude>
    <ClInclude Include="Math\SelfVector4D.h">
      <Filter>Math</Filter>
    </ClInclude>
    <ClInclude Include="Utils\Utils.h">
      <Filter>Utils</Filter>
    </ClInclude>
    <ClInclude Include="Math\Color.h">
      <Filter>Math</Filter>
    </ClInclude>
    <ClInclude Include="Math\Plane.h">
      <Filter>Math</Filter>
    </ClInclude>
    <ClInclude Include="Utils\Constants.h">
      <Filter>Utils</Filter>
    </ClInclude>
    <ClInclude Include="Utils\DataType.h">
      <Filter>Utils</Filter>
    </ClInclude>
    <ClInclude Include="Utils\Tools.h">
      <Filter>Utils</Filter>
    </ClInclude>
    <ClInclude Include="Face\Face.h">
      <Filter>Face</Filter>
    </ClInclude>
    <ClInclude Include="Graphic\Graphic.h">
      <Filter>Graphic</Filter>
    </ClInclude>
    <ClInclude Include="Graphic\Sampler.h">
      <Filter>Graphic</Filter>
    </ClInclude>
    <ClInclude Include="Math\Quaternions.h">
      <Filter>Math</Filter>
    </ClInclude>
    <ClInclude Include="Graphic\BmpLoader.h">
      <Filter>Graphic</Filter>
    </ClInclude>
    <ClInclude Include="Graphic\Texture.h">
      <Filter>Graphic</Filter>
    </ClInclude>
    <ClInclude Include="Graphic\Frame.h">
      <Filter>Graphic</Filter>
    </ClInclude>
    <ClInclude Include="Graphic\Shader.h">
      <Filter>Graphic</Filter>
    </ClInclude>
    <ClInclude Include="Graphic\Shadow.h">
      <Filter>Graphic</Filter>
    </ClInclude>
    <ClInclude Include="Key\Key.h">
      <Filter>Key</Filter>
    </ClInclude>
    <ClInclude Include="Sight\Sight.h">
      <Filter>Sight</Filter>
    </ClInclude>
    <ClInclude Include="Geometric\Cube.h">
      <Filter>Geometric</Filter>
    </ClInclude>
    <ClInclude Include="Geometric\Square.h">
      <Filter>Geometric</Filter>
    </ClInclude>
    <ClInclude Include="Graphic\Object.h">
      <Filter>Graphic</Filter>
    </ClInclude>
  </ItemGroup>
</Project>